
Microsoft Visual Studio Solution File, Format Version 12.00
# Visual Studio Version 17
VisualStudioVersion = 17.14.36414.22
MinimumVisualStudioVersion = 10.0.40219.1
Project("{2150E333-8FDC-42A3-9474-1A3956D46DE8}") = "1. Presentaciones", "1. Presentaciones", "{02EA681E-C7D8-13C7-8484-4AC65E1B71E8}"
EndProject
Project("{2150E333-8FDC-42A3-9474-1A3956D46DE8}") = "2. Servicios", "2. Servicios", "{7DC37959-BB8D-495F-A858-67183DA7E36A}"
EndProject
Project("{2150E333-8FDC-42A3-9474-1A3956D46DE8}") = "3. Nucleo", "3. Nucleo", "{2B64E262-311D-427A-A055-3CC97F3F4D48}"
EndProject
Project("{2150E333-8FDC-42A3-9474-1A3956D46DE8}") = "4. Pruebas Unitarias", "4. Pruebas Unitarias", "{8C83565E-A43B-4DBF-B173-29E83DB38E81}"
EndProject
Project("{FAE04EC0-301F-11D3-BF4B-00C04F79EFBC}") = "lib_dominio", "lib_dominio\lib_dominio.csproj", "{8F08108A-FA9D-411E-BD39-1CB69C900B9E}"
EndProject
Project("{FAE04EC0-301F-11D3-BF4B-00C04F79EFBC}") = "lib_repositorios", "lib_repositorios\lib_repositorios.csproj", "{24A4ACDF-BC67-418F-A0FD-4372C4744CA7}"
EndProject
Project("{FAE04EC0-301F-11D3-BF4B-00C04F79EFBC}") = "ut_presentacion", "ut_presentacion\ut_presentacion.csproj", "{41F773BD-0EFA-4068-856F-8A6F42DB0AC7}"
EndProject
Global
	GlobalSection(SolutionConfigurationPlatforms) = preSolution
		Debug|Any CPU = Debug|Any CPU
		Release|Any CPU = Release|Any CPU
	EndGlobalSection
	GlobalSection(ProjectConfigurationPlatforms) = postSolution
		{8F08108A-FA9D-411E-BD39-1CB69C900B9E}.Debug|Any CPU.ActiveCfg = Debug|Any CPU
		{8F08108A-FA9D-411E-BD39-1CB69C900B9E}.Debug|Any CPU.Build.0 = Debug|Any CPU
		{8F08108A-FA9D-411E-BD39-1CB69C900B9E}.Release|Any CPU.ActiveCfg = Release|Any CPU
		{8F08108A-FA9D-411E-BD39-1CB69C900B9E}.Release|Any CPU.Build.0 = Release|Any CPU
		{24A4ACDF-BC67-418F-A0FD-4372C4744CA7}.Debug|Any CPU.ActiveCfg = Debug|Any CPU
		{24A4ACDF-BC67-418F-A0FD-4372C4744CA7}.Debug|Any CPU.Build.0 = Debug|Any CPU
		{24A4ACDF-BC67-418F-A0FD-4372C4744CA7}.Release|Any CPU.ActiveCfg = Release|Any CPU
		{24A4ACDF-BC67-418F-A0FD-4372C4744CA7}.Release|Any CPU.Build.0 = Release|Any CPU
		{41F773BD-0EFA-4068-856F-8A6F42DB0AC7}.Debug|Any CPU.ActiveCfg = Debug|Any CPU
		{41F773BD-0EFA-4068-856F-8A6F42DB0AC7}.Debug|Any CPU.Build.0 = Debug|Any CPU
		{41F773BD-0EFA-4068-856F-8A6F42DB0AC7}.Release|Any CPU.ActiveCfg = Release|Any CPU
		{41F773BD-0EFA-4068-856F-8A6F42DB0AC7}.Release|Any CPU.Build.0 = Release|Any CPU
	EndGlobalSection
	GlobalSection(SolutionProperties) = preSolution
		HideSolutionNode = FALSE
	EndGlobalSection
	GlobalSection(NestedProjects) = preSolution
		{8F08108A-FA9D-411E-BD39-1CB69C900B9E} = {2B64E262-311D-427A-A055-3CC97F3F4D48}
		{24A4ACDF-BC67-418F-A0FD-4372C4744CA7} = {7DC37959-BB8D-495F-A858-67183DA7E36A}
		{41F773BD-0EFA-4068-856F-8A6F42DB0AC7} = {8C83565E-A43B-4DBF-B173-29E83DB38E81}
	EndGlobalSection
	GlobalSection(ExtensibilityGlobals) = postSolution
		SolutionGuid = {590684AB-470D-46EC-AF8F-B852EED339B8}
	EndGlobalSection
EndGlobal
